// !$*UTF8*$!
{
	archiveVersion = 1;
	classes = {
	};
	objectVersion = 77;
	objects = {

/* Begin PBXBuildFile section */
		192355D42E3BE5C0003E9995 /* FirebaseAI in Frameworks */ = {isa = PBXBuildFile; productRef = 192355D32E3BE5C0003E9995 /* FirebaseAI */; };
		192355D62E3BE5C0003E9995 /* FirebaseAnalytics in Frameworks */ = {isa = PBXBuildFile; productRef = 192355D52E3BE5C0003E9995 /* FirebaseAnalytics */; };
		192355D82E3BE5C0003E9995 /* FirebaseAnalyticsCore in Frameworks */ = {isa = PBXBuildFile; productRef = 192355D72E3BE5C0003E9995 /* FirebaseAnalyticsCore */; };
		192355DA2E3BE5C0003E9995 /* FirebaseAnalyticsIdentitySupport in Frameworks */ = {isa = PBXBuildFile; productRef = 192355D92E3BE5C0003E9995 /* FirebaseAnalyticsIdentitySupport */; };
		192355DC2E3BE5C0003E9995 /* FirebaseAppCheck in Frameworks */ = {isa = PBXBuildFile; productRef = 192355DB2E3BE5C0003E9995 /* FirebaseAppCheck */; };
		192F01682E3BEE5E000AAD23 /* FirebaseAppDistribution-Beta in Frameworks */ = {isa = PBXBuildFile; productRef = 192F01672E3BEE5E000AAD23 /* FirebaseAppDistribution-Beta */; };
		192F016A2E3BEE5E000AAD23 /* FirebaseAuth in Frameworks */ = {isa = PBXBuildFile; productRef = 192F01692E3BEE5E000AAD23 /* FirebaseAuth */; };
		192F016C2E3BEE5E000AAD23 /* FirebaseAuthCombine-Community in Frameworks */ = {isa = PBXBuildFile; productRef = 192F016B2E3BEE5E000AAD23 /* FirebaseAuthCombine-Community */; };
		192F016E2E3BEE5E000AAD23 /* FirebaseCore in Frameworks */ = {isa = PBXBuildFile; productRef = 192F016D2E3BEE5E000AAD23 /* FirebaseCore */; };
		192F01702E3BEE5E000AAD23 /* FirebaseCrashlytics in Frameworks */ = {isa = PBXBuildFile; productRef = 192F016F2E3BEE5E000AAD23 /* FirebaseCrashlytics */; };
		192F01722E3BEE5E000AAD23 /* FirebaseDatabase in Frameworks */ = {isa = PBXBuildFile; productRef = 192F01712E3BEE5E000AAD23 /* FirebaseDatabase */; };
		192F01742E3BEE5E000AAD23 /* FirebaseFirestore in Frameworks */ = {isa = PBXBuildFile; productRef = 192F01732E3BEE5E000AAD23 /* FirebaseFirestore */; };
		192F01762E3BEE5E000AAD23 /* FirebaseFirestoreCombine-Community in Frameworks */ = {isa = PBXBuildFile; productRef = 192F01752E3BEE5E000AAD23 /* FirebaseFirestoreCombine-Community */; };
		192F01782E3BEE5E000AAD23 /* FirebaseFunctions in Frameworks */ = {isa = PBXBuildFile; productRef = 192F01772E3BEE5E000AAD23 /* FirebaseFunctions */; };
		192F017A2E3BEE5E000AAD23 /* FirebaseFunctionsCombine-Community in Frameworks */ = {isa = PBXBuildFile; productRef = 192F01792E3BEE5E000AAD23 /* FirebaseFunctionsCombine-Community */; };
		192F017C2E3BEE5E000AAD23 /* FirebaseInAppMessaging-Beta in Frameworks */ = {isa = PBXBuildFile; productRef = 192F017B2E3BEE5E000AAD23 /* FirebaseInAppMessaging-Beta */; };
		192F017E2E3BEE5E000AAD23 /* FirebaseInstallations in Frameworks */ = {isa = PBXBuildFile; productRef = 192F017D2E3BEE5E000AAD23 /* FirebaseInstallations */; };
		192F01802E3BEE5E000AAD23 /* FirebaseMLModelDownloader in Frameworks */ = {isa = PBXBuildFile; productRef = 192F017F2E3BEE5E000AAD23 /* FirebaseMLModelDownloader */; };
		192F01822E3BEE5E000AAD23 /* FirebaseMessaging in Frameworks */ = {isa = PBXBuildFile; productRef = 192F01812E3BEE5E000AAD23 /* FirebaseMessaging */; };
		192F01842E3BEE5E000AAD23 /* FirebasePerformance in Frameworks */ = {isa = PBXBuildFile; productRef = 192F01832E3BEE5E000AAD23 /* FirebasePerformance */; };
		192F01862E3BEE5E000AAD23 /* FirebaseRemoteConfig in Frameworks */ = {isa = PBXBuildFile; productRef = 192F01852E3BEE5E000AAD23 /* FirebaseRemoteConfig */; };
		192F01882E3BEE5E000AAD23 /* FirebaseStorage in Frameworks */ = {isa = PBXBuildFile; productRef = 192F01872E3BEE5E000AAD23 /* FirebaseStorage */; };
		192F018A2E3BEE5E000AAD23 /* FirebaseStorageCombine-Community in Frameworks */ = {isa = PBXBuildFile; productRef = 192F01892E3BEE5E000AAD23 /* FirebaseStorageCombine-Community */; };
/* End PBXBuildFile section */

/* Begin PBXContainerItemProxy section */
		192355B42E3B860A003E9995 /* PBXContainerItemProxy */ = {
			isa = PBXContainerItemProxy;
			containerPortal = 1923559D2E3B8609003E9995 /* Project object */;
			proxyType = 1;
			remoteGlobalIDString = 192355A42E3B8609003E9995;
			remoteInfo = "Mookti MVP";
		};
		192355BE2E3B860A003E9995 /* PBXContainerItemProxy */ = {
			isa = PBXContainerItemProxy;
			containerPortal = 1923559D2E3B8609003E9995 /* Project object */;
			proxyType = 1;
			remoteGlobalIDString = 192355A42E3B8609003E9995;
			remoteInfo = "Mookti MVP";
		};
/* End PBXContainerItemProxy section */

/* Begin PBXFileReference section */
		192355A52E3B8609003E9995 /* Mookti MVP.app */ = {isa = PBXFileReference; explicitFileType = wrapper.application; includeInIndex = 0; path = "Mookti MVP.app"; sourceTree = BUILT_PRODUCTS_DIR; };
		192355B32E3B860A003E9995 /* Mookti MVPTests.xctest */ = {isa = PBXFileReference; explicitFileType = wrapper.cfbundle; includeInIndex = 0; path = "Mookti MVPTests.xctest"; sourceTree = BUILT_PRODUCTS_DIR; };
		192355BD2E3B860A003E9995 /* Mookti MVPUITests.xctest */ = {isa = PBXFileReference; explicitFileType = wrapper.cfbundle; includeInIndex = 0; path = "Mookti MVPUITests.xctest"; sourceTree = BUILT_PRODUCTS_DIR; };
/* End PBXFileReference section */

/* Begin PBXFileSystemSynchronizedRootGroup section */
		192355A72E3B8609003E9995 /* Mookti MVP */ = {
			isa = PBXFileSystemSynchronizedRootGroup;
			path = "Mookti MVP";
			sourceTree = "<group>";
		};
		192355B62E3B860A003E9995 /* Mookti MVPTests */ = {
			isa = PBXFileSystemSynchronizedRootGroup;
			path = "Mookti MVPTests";
			sourceTree = "<group>";
		};
		192355C02E3B860A003E9995 /* Mookti MVPUITests */ = {
			isa = PBXFileSystemSynchronizedRootGroup;
			path = "Mookti MVPUITests";
			sourceTree = "<group>";
		};
/* End PBXFileSystemSynchronizedRootGroup section */

/* Begin PBXFrameworksBuildPhase section */
		192355A22E3B8609003E9995 /* Frameworks */ = {
			isa = PBXFrameworksBuildPhase;
			buildActionMask = 2147483647;
			files = (
				192F01762E3BEE5E000AAD23 /* FirebaseFirestoreCombine-Community in Frameworks */,
				192F01782E3BEE5E000AAD23 /* FirebaseFunctions in Frameworks */,
				192F01842E3BEE5E000AAD23 /* FirebasePerformance in Frameworks */,
				192F018A2E3BEE5E000AAD23 /* FirebaseStorageCombine-Community in Frameworks */,
				192F01862E3BEE5E000AAD23 /* FirebaseRemoteConfig in Frameworks */,
				192355DA2E3BE5C0003E9995 /* FirebaseAnalyticsIdentitySupport in Frameworks */,
				192355D62E3BE5C0003E9995 /* FirebaseAnalytics in Frameworks */,
				192355D82E3BE5C0003E9995 /* FirebaseAnalyticsCore in Frameworks */,
				192355DC2E3BE5C0003E9995 /* FirebaseAppCheck in Frameworks */,
				192355D42E3BE5C0003E9995 /* FirebaseAI in Frameworks */,
				192F01742E3BEE5E000AAD23 /* FirebaseFirestore in Frameworks */,
				192F01822E3BEE5E000AAD23 /* FirebaseMessaging in Frameworks */,
				192F017E2E3BEE5E000AAD23 /* FirebaseInstallations in Frameworks */,
				192F017A2E3BEE5E000AAD23 /* FirebaseFunctionsCombine-Community in Frameworks */,
				192F016A2E3BEE5E000AAD23 /* FirebaseAuth in Frameworks */,
				192F01682E3BEE5E000AAD23 /* FirebaseAppDistribution-Beta in Frameworks */,
				192F017C2E3BEE5E000AAD23 /* FirebaseInAppMessaging-Beta in Frameworks */,
				192F01702E3BEE5E000AAD23 /* FirebaseCrashlytics in Frameworks */,
				192F01722E3BEE5E000AAD23 /* FirebaseDatabase in Frameworks */,
				192F01802E3BEE5E000AAD23 /* FirebaseMLModelDownloader in Frameworks */,
				192F01882E3BEE5E000AAD23 /* FirebaseStorage in Frameworks */,
				192F016E2E3BEE5E000AAD23 /* FirebaseCore in Frameworks */,
				192F016C2E3BEE5E000AAD23 /* FirebaseAuthCombine-Community in Frameworks */,
			);
			runOnlyForDeploymentPostprocessing = 0;
		};
		192355B02E3B860A003E9995 /* Frameworks */ = {
			isa = PBXFrameworksBuildPhase;
			buildActionMask = 2147483647;
			files = (
			);
			runOnlyForDeploymentPostprocessing = 0;
		};
		192355BA2E3B860A003E9995 /* Frameworks */ = {
			isa = PBXFrameworksBuildPhase;
			buildActionMask = 2147483647;
			files = (
			);
			runOnlyForDeploymentPostprocessing = 0;
		};
/* End PBXFrameworksBuildPhase section */

/* Begin PBXGroup section */
		1923559C2E3B8609003E9995 = {
			isa = PBXGroup;
			children = (
				192355A72E3B8609003E9995 /* Mookti MVP */,
				192355B62E3B860A003E9995 /* Mookti MVPTests */,
				192355C02E3B860A003E9995 /* Mookti MVPUITests */,
				192355A62E3B8609003E9995 /* Products */,
			);
			sourceTree = "<group>";
		};
		192355A62E3B8609003E9995 /* Products */ = {
			isa = PBXGroup;
			children = (
				192355A52E3B8609003E9995 /* Mookti MVP.app */,
				192355B32E3B860A003E9995 /* Mookti MVPTests.xctest */,
				192355BD2E3B860A003E9995 /* Mookti MVPUITests.xctest */,
			);
			name = Products;
			sourceTree = "<group>";
		};
/* End PBXGroup section */

/* Begin PBXNativeTarget section */
		192355A42E3B8609003E9995 /* Mookti MVP */ = {
			isa = PBXNativeTarget;
			buildConfigurationList = 192355C72E3B860A003E9995 /* Build configuration list for PBXNativeTarget "Mookti MVP" */;
			buildPhases = (
				192355A12E3B8609003E9995 /* Sources */,
				192355A22E3B8609003E9995 /* Frameworks */,
				192355A32E3B8609003E9995 /* Resources */,
			);
			buildRules = (
			);
			dependencies = (
			);
			fileSystemSynchronizedGroups = (
				192355A72E3B8609003E9995 /* Mookti MVP */,
			);
			name = "Mookti MVP";
			packageProductDependencies = (
				192355D32E3BE5C0003E9995 /* FirebaseAI */,
				192355D52E3BE5C0003E9995 /* FirebaseAnalytics */,
				192355D72E3BE5C0003E9995 /* FirebaseAnalyticsCore */,
				192355D92E3BE5C0003E9995 /* FirebaseAnalyticsIdentitySupport */,
				192355DB2E3BE5C0003E9995 /* FirebaseAppCheck */,
				192F01672E3BEE5E000AAD23 /* FirebaseAppDistribution-Beta */,
				192F01692E3BEE5E000AAD23 /* FirebaseAuth */,
				192F016B2E3BEE5E000AAD23 /* FirebaseAuthCombine-Community */,
				192F016D2E3BEE5E000AAD23 /* FirebaseCore */,
				192F016F2E3BEE5E000AAD23 /* FirebaseCrashlytics */,
				192F01712E3BEE5E000AAD23 /* FirebaseDatabase */,
				192F01732E3BEE5E000AAD23 /* FirebaseFirestore */,
				192F01752E3BEE5E000AAD23 /* FirebaseFirestoreCombine-Community */,
				192F01772E3BEE5E000AAD23 /* FirebaseFunctions */,
				192F01792E3BEE5E000AAD23 /* FirebaseFunctionsCombine-Community */,
				192F017B2E3BEE5E000AAD23 /* FirebaseInAppMessaging-Beta */,
				192F017D2E3BEE5E000AAD23 /* FirebaseInstallations */,
				192F017F2E3BEE5E000AAD23 /* FirebaseMLModelDownloader */,
				192F01812E3BEE5E000AAD23 /* FirebaseMessaging */,
				192F01832E3BEE5E000AAD23 /* FirebasePerformance */,
				192F01852E3BEE5E000AAD23 /* FirebaseRemoteConfig */,
				192F01872E3BEE5E000AAD23 /* FirebaseStorage */,
				192F01892E3BEE5E000AAD23 /* FirebaseStorageCombine-Community */,
			);
			productName = "Mookti MVP";
			productReference = 192355A52E3B8609003E9995 /* Mookti MVP.app */;
			productType = "com.apple.product-type.application";
		};
		192355B22E3B860A003E9995 /* Mookti MVPTests */ = {
			isa = PBXNativeTarget;
			buildConfigurationList = 192355CA2E3B860A003E9995 /* Build configuration list for PBXNativeTarget "Mookti MVPTests" */;
			buildPhases = (
				192355AF2E3B860A003E9995 /* Sources */,
				192355B02E3B860A003E9995 /* Frameworks */,
				192355B12E3B860A003E9995 /* Resources */,
			);
			buildRules = (
			);
			dependencies = (
				192355B52E3B860A003E9995 /* PBXTargetDependency */,
			);
			fileSystemSynchronizedGroups = (
				192355B62E3B860A003E9995 /* Mookti MVPTests */,
			);
			name = "Mookti MVPTests";
			packageProductDependencies = (
			);
			productName = "Mookti MVPTests";
			productReference = 192355B32E3B860A003E9995 /* Mookti MVPTests.xctest */;
			productType = "com.apple.product-type.bundle.unit-test";
		};
		192355BC2E3B860A003E9995 /* Mookti MVPUITests */ = {
			isa = PBXNativeTarget;
			buildConfigurationList = 192355CD2E3B860A003E9995 /* Build configuration list for PBXNativeTarget "Mookti MVPUITests" */;
			buildPhases = (
				192355B92E3B860A003E9995 /* Sources */,
				192355BA2E3B860A003E9995 /* Frameworks */,
				192355BB2E3B860A003E9995 /* Resources */,
			);
			buildRules = (
			);
			dependencies = (
				192355BF2E3B860A003E9995 /* PBXTargetDependency */,
			);
			fileSystemSynchronizedGroups = (
				192355C02E3B860A003E9995 /* Mookti MVPUITests */,
			);
			name = "Mookti MVPUITests";
			packageProductDependencies = (
			);
			productName = "Mookti MVPUITests";
			productReference = 192355BD2E3B860A003E9995 /* Mookti MVPUITests.xctest */;
			productType = "com.apple.product-type.bundle.ui-testing";
		};
/* End PBXNativeTarget section */

/* Begin PBXProject section */
		1923559D2E3B8609003E9995 /* Project object */ = {
			isa = PBXProject;
			attributes = {
				BuildIndependentTargetsInParallel = 1;
				LastSwiftUpdateCheck = 1640;
				LastUpgradeCheck = 1640;
				TargetAttributes = {
					192355A42E3B8609003E9995 = {
						CreatedOnToolsVersion = 16.4;
					};
					192355B22E3B860A003E9995 = {
						CreatedOnToolsVersion = 16.4;
						TestTargetID = 192355A42E3B8609003E9995;
					};
					192355BC2E3B860A003E9995 = {
						CreatedOnToolsVersion = 16.4;
						TestTargetID = 192355A42E3B8609003E9995;
					};
				};
			};
			buildConfigurationList = 192355A02E3B8609003E9995 /* Build configuration list for PBXProject "Mookti MVP" */;
			developmentRegion = en;
			hasScannedForEncodings = 0;
			knownRegions = (
				en,
				Base,
			);
			mainGroup = 1923559C2E3B8609003E9995;
			minimizedProjectReferenceProxies = 1;
			packageReferences = (
				192355D22E3BE5C0003E9995 /* XCRemoteSwiftPackageReference "firebase-ios-sdk" */,
			);
			preferredProjectObjectVersion = 77;
			productRefGroup = 192355A62E3B8609003E9995 /* Products */;
			projectDirPath = "";
			projectRoot = "";
			targets = (
				192355A42E3B8609003E9995 /* Mookti MVP */,
				192355B22E3B860A003E9995 /* Mookti MVPTests */,
				192355BC2E3B860A003E9995 /* Mookti MVPUITests */,
			);
		};
/* End PBXProject section */

/* Begin PBXResourcesBuildPhase section */
		192355A32E3B8609003E9995 /* Resources */ = {
			isa = PBXResourcesBuildPhase;
			buildActionMask = 2147483647;
			files = (
			);
			runOnlyForDeploymentPostprocessing = 0;
		};
		192355B12E3B860A003E9995 /* Resources */ = {
			isa = PBXResourcesBuildPhase;
			buildActionMask = 2147483647;
			files = (
			);
			runOnlyForDeploymentPostprocessing = 0;
		};
		192355BB2E3B860A003E9995 /* Resources */ = {
			isa = PBXResourcesBuildPhase;
			buildActionMask = 2147483647;
			files = (
			);
			runOnlyForDeploymentPostprocessing = 0;
		};
/* End PBXResourcesBuildPhase section */

/* Begin PBXSourcesBuildPhase section */
		192355A12E3B8609003E9995 /* Sources */ = {
			isa = PBXSourcesBuildPhase;
			buildActionMask = 2147483647;
			files = (
			);
			runOnlyForDeploymentPostprocessing = 0;
		};
		192355AF2E3B860A003E9995 /* Sources */ = {
			isa = PBXSourcesBuildPhase;
			buildActionMask = 2147483647;
			files = (
			);
			runOnlyForDeploymentPostprocessing = 0;
		};
		192355B92E3B860A003E9995 /* Sources */ = {
			isa = PBXSourcesBuildPhase;
			buildActionMask = 2147483647;
			files = (
			);
			runOnlyForDeploymentPostprocessing = 0;
		};
/* End PBXSourcesBuildPhase section */

/* Begin PBXTargetDependency section */
		192355B52E3B860A003E9995 /* PBXTargetDependency */ = {
			isa = PBXTargetDependency;
			target = 192355A42E3B8609003E9995 /* Mookti MVP */;
			targetProxy = 192355B42E3B860A003E9995 /* PBXContainerItemProxy */;
		};
		192355BF2E3B860A003E9995 /* PBXTargetDependency */ = {
			isa = PBXTargetDependency;
			target = 192355A42E3B8609003E9995 /* Mookti MVP */;
			targetProxy = 192355BE2E3B860A003E9995 /* PBXContainerItemProxy */;
		};
/* End PBXTargetDependency section */

/* Begin XCBuildConfiguration section */
		192355C52E3B860A003E9995 /* Debug */ = {
			isa = XCBuildConfiguration;
			buildSettings = {
				ALWAYS_SEARCH_USER_PATHS = NO;
				ASSETCATALOG_COMPILER_GENERATE_SWIFT_ASSET_SYMBOL_EXTENSIONS = YES;
				CLANG_ANALYZER_NONNULL = YES;
				CLANG_ANALYZER_NUMBER_OBJECT_CONVERSION = YES_AGGRESSIVE;
				CLANG_CXX_LANGUAGE_STANDARD = "gnu++20";
				CLANG_ENABLE_MODULES = YES;
				CLANG_ENABLE_OBJC_ARC = YES;
				CLANG_ENABLE_OBJC_WEAK = YES;
				CLANG_WARN_BLOCK_CAPTURE_AUTORELEASING = YES;
				CLANG_WARN_BOOL_CONVERSION = YES;
				CLANG_WARN_COMMA = YES;
				CLANG_WARN_CONSTANT_CONVERSION = YES;
				CLANG_WARN_DEPRECATED_OBJC_IMPLEMENTATIONS = YES;
				CLANG_WARN_DIRECT_OBJC_ISA_USAGE = YES_ERROR;
				CLANG_WARN_DOCUMENTATION_COMMENTS = YES;
				CLANG_WARN_EMPTY_BODY = YES;
				CLANG_WARN_ENUM_CONVERSION = YES;
				CLANG_WARN_INFINITE_RECURSION = YES;
				CLANG_WARN_INT_CONVERSION = YES;
				CLANG_WARN_NON_LITERAL_NULL_CONVERSION = YES;
				CLANG_WARN_OBJC_IMPLICIT_RETAIN_SELF = YES;
				CLANG_WARN_OBJC_LITERAL_CONVERSION = YES;
				CLANG_WARN_OBJC_ROOT_CLASS = YES_ERROR;
				CLANG_WARN_QUOTED_INCLUDE_IN_FRAMEWORK_HEADER = YES;
				CLANG_WARN_RANGE_LOOP_ANALYSIS = YES;
				CLANG_WARN_STRICT_PROTOTYPES = YES;
				CLANG_WARN_SUSPICIOUS_MOVE = YES;
				CLANG_WARN_UNGUARDED_AVAILABILITY = YES_AGGRESSIVE;
				CLANG_WARN_UNREACHABLE_CODE = YES;
				CLANG_WARN__DUPLICATE_METHOD_MATCH = YES;
				COPY_PHASE_STRIP = NO;
				DEBUG_INFORMATION_FORMAT = dwarf;
				DEVELOPMENT_TEAM = KJMHN278CN;
				ENABLE_STRICT_OBJC_MSGSEND = YES;
				ENABLE_TESTABILITY = YES;
				ENABLE_USER_SCRIPT_SANDBOXING = YES;
				GCC_C_LANGUAGE_STANDARD = gnu17;
				GCC_DYNAMIC_NO_PIC = NO;
				GCC_NO_COMMON_BLOCKS = YES;
				GCC_OPTIMIZATION_LEVEL = 0;
				GCC_PREPROCESSOR_DEFINITIONS = (
					"DEBUG=1",
					"$(inherited)",
				);
				GCC_WARN_64_TO_32_BIT_CONVERSION = YES;
				GCC_WARN_ABOUT_RETURN_TYPE = YES_ERROR;
				GCC_WARN_UNDECLARED_SELECTOR = YES;
				GCC_WARN_UNINITIALIZED_AUTOS = YES_AGGRESSIVE;
				GCC_WARN_UNUSED_FUNCTION = YES;
				GCC_WARN_UNUSED_VARIABLE = YES;
				LOCALIZATION_PREFERS_STRING_CATALOGS = YES;
				MTL_ENABLE_DEBUG_INFO = INCLUDE_SOURCE;
				MTL_FAST_MATH = YES;
				ONLY_ACTIVE_ARCH = YES;
				SWIFT_ACTIVE_COMPILATION_CONDITIONS = "DEBUG $(inherited)";
				SWIFT_OPTIMIZATION_LEVEL = "-Onone";
			};
			name = Debug;
		};
		192355C62E3B860A003E9995 /* Release */ = {
			isa = XCBuildConfiguration;
			buildSettings = {
				ALWAYS_SEARCH_USER_PATHS = NO;
				ASSETCATALOG_COMPILER_GENERATE_SWIFT_ASSET_SYMBOL_EXTENSIONS = YES;
				CLANG_ANALYZER_NONNULL = YES;
				CLANG_ANALYZER_NUMBER_OBJECT_CONVERSION = YES_AGGRESSIVE;
				CLANG_CXX_LANGUAGE_STANDARD = "gnu++20";
				CLANG_ENABLE_MODULES = YES;
				CLANG_ENABLE_OBJC_ARC = YES;
				CLANG_ENABLE_OBJC_WEAK = YES;
				CLANG_WARN_BLOCK_CAPTURE_AUTORELEASING = YES;
				CLANG_WARN_BOOL_CONVERSION = YES;
				CLANG_WARN_COMMA = YES;
				CLANG_WARN_CONSTANT_CONVERSION = YES;
				CLANG_WARN_DEPRECATED_OBJC_IMPLEMENTATIONS = YES;
				CLANG_WARN_DIRECT_OBJC_ISA_USAGE = YES_ERROR;
				CLANG_WARN_DOCUMENTATION_COMMENTS = YES;
				CLANG_WARN_EMPTY_BODY = YES;
				CLANG_WARN_ENUM_CONVERSION = YES;
				CLANG_WARN_INFINITE_RECURSION = YES;
				CLANG_WARN_INT_CONVERSION = YES;
				CLANG_WARN_NON_LITERAL_NULL_CONVERSION = YES;
				CLANG_WARN_OBJC_IMPLICIT_RETAIN_SELF = YES;
				CLANG_WARN_OBJC_LITERAL_CONVERSION = YES;
				CLANG_WARN_OBJC_ROOT_CLASS = YES_ERROR;
				CLANG_WARN_QUOTED_INCLUDE_IN_FRAMEWORK_HEADER = YES;
				CLANG_WARN_RANGE_LOOP_ANALYSIS = YES;
				CLANG_WARN_STRICT_PROTOTYPES = YES;
				CLANG_WARN_SUSPICIOUS_MOVE = YES;
				CLANG_WARN_UNGUARDED_AVAILABILITY = YES_AGGRESSIVE;
				CLANG_WARN_UNREACHABLE_CODE = YES;
				CLANG_WARN__DUPLICATE_METHOD_MATCH = YES;
				COPY_PHASE_STRIP = NO;
				DEBUG_INFORMATION_FORMAT = "dwarf-with-dsym";
				DEVELOPMENT_TEAM = KJMHN278CN;
				ENABLE_NS_ASSERTIONS = NO;
				ENABLE_STRICT_OBJC_MSGSEND = YES;
				ENABLE_USER_SCRIPT_SANDBOXING = YES;
				GCC_C_LANGUAGE_STANDARD = gnu17;
				GCC_NO_COMMON_BLOCKS = YES;
				GCC_WARN_64_TO_32_BIT_CONVERSION = YES;
				GCC_WARN_ABOUT_RETURN_TYPE = YES_ERROR;
				GCC_WARN_UNDECLARED_SELECTOR = YES;
				GCC_WARN_UNINITIALIZED_AUTOS = YES_AGGRESSIVE;
				GCC_WARN_UNUSED_FUNCTION = YES;
				GCC_WARN_UNUSED_VARIABLE = YES;
				LOCALIZATION_PREFERS_STRING_CATALOGS = YES;
				MTL_ENABLE_DEBUG_INFO = NO;
				MTL_FAST_MATH = YES;
				SWIFT_COMPILATION_MODE = wholemodule;
			};
			name = Release;
		};
		192355C82E3B860A003E9995 /* Debug */ = {
			isa = XCBuildConfiguration;
			buildSettings = {
				ASSETCATALOG_COMPILER_APPICON_NAME = AppIcon;
				ASSETCATALOG_COMPILER_GLOBAL_ACCENT_COLOR_NAME = AccentColor;
				CODE_SIGN_ENTITLEMENTS = "Mookti MVP/Mookti MVP.entitlements";
				CODE_SIGN_STYLE = Automatic;
				CURRENT_PROJECT_VERSION = 1;
				DEVELOPMENT_TEAM = KJMHN278CN;
				ENABLE_HARDENED_RUNTIME = YES;
				ENABLE_PREVIEWS = YES;
				GENERATE_INFOPLIST_FILE = YES;
				"INFOPLIST_KEY_UIApplicationSceneManifest_Generation[sdk=iphoneos*]" = YES;
				"INFOPLIST_KEY_UIApplicationSceneManifest_Generation[sdk=iphonesimulator*]" = YES;
				"INFOPLIST_KEY_UIApplicationSupportsIndirectInputEvents[sdk=iphoneos*]" = YES;
				"INFOPLIST_KEY_UIApplicationSupportsIndirectInputEvents[sdk=iphonesimulator*]" = YES;
				"INFOPLIST_KEY_UILaunchScreen_Generation[sdk=iphoneos*]" = YES;
				"INFOPLIST_KEY_UILaunchScreen_Generation[sdk=iphonesimulator*]" = YES;
				"INFOPLIST_KEY_UIStatusBarStyle[sdk=iphoneos*]" = UIStatusBarStyleDefault;
				"INFOPLIST_KEY_UIStatusBarStyle[sdk=iphonesimulator*]" = UIStatusBarStyleDefault;
				INFOPLIST_KEY_UISupportedInterfaceOrientations_iPad = "UIInterfaceOrientationPortrait UIInterfaceOrientationPortraitUpsideDown UIInterfaceOrientationLandscapeLeft UIInterfaceOrientationLandscapeRight";
				INFOPLIST_KEY_UISupportedInterfaceOrientations_iPhone = "UIInterfaceOrientationPortrait UIInterfaceOrientationLandscapeLeft UIInterfaceOrientationLandscapeRight";
				IPHONEOS_DEPLOYMENT_TARGET = 17.6;
				LD_RUNPATH_SEARCH_PATHS = "@executable_path/Frameworks";
				"LD_RUNPATH_SEARCH_PATHS[sdk=macosx*]" = "@executable_path/../Frameworks";
				MACOSX_DEPLOYMENT_TARGET = 15.5;
				MARKETING_VERSION = 1.0;
				PRODUCT_BUNDLE_IDENTIFIER = "ai.mookti.Mookti-MVP";
				PRODUCT_NAME = "$(TARGET_NAME)";
				REGISTER_APP_GROUPS = YES;
				SDKROOT = auto;
				SUPPORTED_PLATFORMS = "iphoneos iphonesimulator";
				SUPPORTS_MACCATALYST = NO;
				SWIFT_EMIT_LOC_STRINGS = YES;
				SWIFT_VERSION = 5.0;
				TARGETED_DEVICE_FAMILY = "1,2";
				XROS_DEPLOYMENT_TARGET = 2.5;
			};
			name = Debug;
		};
		192355C92E3B860A003E9995 /* Release */ = {
			isa = XCBuildConfiguration;
			buildSettings = {
				ASSETCATALOG_COMPILER_APPICON_NAME = AppIcon;
				ASSETCATALOG_COMPILER_GLOBAL_ACCENT_COLOR_NAME = AccentColor;
				CODE_SIGN_ENTITLEMENTS = "Mookti MVP/Mookti MVP.entitlements";
				CODE_SIGN_STYLE = Automatic;
				CURRENT_PROJECT_VERSION = 1;
				DEVELOPMENT_TEAM = KJMHN278CN;
				ENABLE_HARDENED_RUNTIME = YES;
				ENABLE_PREVIEWS = YES;
				GENERATE_INFOPLIST_FILE = YES;
				"INFOPLIST_KEY_UIApplicationSceneManifest_Generation[sdk=iphoneos*]" = YES;
				"INFOPLIST_KEY_UIApplicationSceneManifest_Generation[sdk=iphonesimulator*]" = YES;
				"INFOPLIST_KEY_UIApplicationSupportsIndirectInputEvents[sdk=iphoneos*]" = YES;
				"INFOPLIST_KEY_UIApplicationSupportsIndirectInputEvents[sdk=iphonesimulator*]" = YES;
				"INFOPLIST_KEY_UILaunchScreen_Generation[sdk=iphoneos*]" = YES;
				"INFOPLIST_KEY_UILaunchScreen_Generation[sdk=iphonesimulator*]" = YES;
				"INFOPLIST_KEY_UIStatusBarStyle[sdk=iphoneos*]" = UIStatusBarStyleDefault;
				"INFOPLIST_KEY_UIStatusBarStyle[sdk=iphonesimulator*]" = UIStatusBarStyleDefault;
				INFOPLIST_KEY_UISupportedInterfaceOrientations_iPad = "UIInterfaceOrientationPortrait UIInterfaceOrientationPortraitUpsideDown UIInterfaceOrientationLandscapeLeft UIInterfaceOrientationLandscapeRight";
				INFOPLIST_KEY_UISupportedInterfaceOrientations_iPhone = "UIInterfaceOrientationPortrait UIInterfaceOrientationLandscapeLeft UIInterfaceOrientationLandscapeRight";
				IPHONEOS_DEPLOYMENT_TARGET = 17.6;
				LD_RUNPATH_SEARCH_PATHS = "@executable_path/Frameworks";
				"LD_RUNPATH_SEARCH_PATHS[sdk=macosx*]" = "@executable_path/../Frameworks";
				MACOSX_DEPLOYMENT_TARGET = 15.5;
				MARKETING_VERSION = 1.0;
				PRODUCT_BUNDLE_IDENTIFIER = "ai.mookti.Mookti-MVP";
				PRODUCT_NAME = "$(TARGET_NAME)";
				REGISTER_APP_GROUPS = YES;
				SDKROOT = auto;
				SUPPORTED_PLATFORMS = "iphoneos iphonesimulator";
				SUPPORTS_MACCATALYST = NO;
				SWIFT_EMIT_LOC_STRINGS = YES;
				SWIFT_VERSION = 5.0;
				TARGETED_DEVICE_FAMILY = "1,2";
				XROS_DEPLOYMENT_TARGET = 2.5;
			};
			name = Release;
		};
		192355CB2E3B860A003E9995 /* Debug */ = {
			isa = XCBuildConfiguration;
			buildSettings = {
				BUNDLE_LOADER = "$(TEST_HOST)";
				CODE_SIGN_STYLE = Automatic;
				CURRENT_PROJECT_VERSION = 1;
				DEVELOPMENT_TEAM = KJMHN278CN;
				GENERATE_INFOPLIST_FILE = YES;
				IPHONEOS_DEPLOYMENT_TARGET = 18.5;
				MACOSX_DEPLOYMENT_TARGET = 15.5;
				MARKETING_VERSION = 1.0;
				PRODUCT_BUNDLE_IDENTIFIER = "ai.mookti.Mookti-MVPTests";
				PRODUCT_NAME = "$(TARGET_NAME)";
				SDKROOT = auto;
				SUPPORTED_PLATFORMS = "iphoneos iphonesimulator macosx xros xrsimulator";
				SWIFT_EMIT_LOC_STRINGS = NO;
				SWIFT_VERSION = 5.0;
				TARGETED_DEVICE_FAMILY = "1,2,7";
				TEST_HOST = "$(BUILT_PRODUCTS_DIR)/Mookti MVP.app/$(BUNDLE_EXECUTABLE_FOLDER_PATH)/Mookti MVP";
				XROS_DEPLOYMENT_TARGET = 2.5;
			};
			name = Debug;
		};
		192355CC2E3B860A003E9995 /* Release */ = {
			isa = XCBuildConfiguration;
			buildSettings = {
				BUNDLE_LOADER = "$(TEST_HOST)";
				CODE_SIGN_STYLE = Automatic;
				CURRENT_PROJECT_VERSION = 1;
				DEVELOPMENT_TEAM = KJMHN278CN;
				GENERATE_INFOPLIST_FILE = YES;
				IPHONEOS_DEPLOYMENT_TARGET = 18.5;
				MACOSX_DEPLOYMENT_TARGET = 15.5;
				MARKETING_VERSION = 1.0;
				PRODUCT_BUNDLE_IDENTIFIER = "ai.mookti.Mookti-MVPTests";
				PRODUCT_NAME = "$(TARGET_NAME)";
				SDKROOT = auto;
				SUPPORTED_PLATFORMS = "iphoneos iphonesimulator macosx xros xrsimulator";
				SWIFT_EMIT_LOC_STRINGS = NO;
				SWIFT_VERSION = 5.0;
				TARGETED_DEVICE_FAMILY = "1,2,7";
				TEST_HOST = "$(BUILT_PRODUCTS_DIR)/Mookti MVP.app/$(BUNDLE_EXECUTABLE_FOLDER_PATH)/Mookti MVP";
				XROS_DEPLOYMENT_TARGET = 2.5;
			};
			name = Release;
		};
		192355CE2E3B860A003E9995 /* Debug */ = {
			isa = XCBuildConfiguration;
			buildSettings = {
				CODE_SIGN_STYLE = Automatic;
				CURRENT_PROJECT_VERSION = 1;
				DEVELOPMENT_TEAM = KJMHN278CN;
				GENERATE_INFOPLIST_FILE = YES;
				IPHONEOS_DEPLOYMENT_TARGET = 18.5;
				MACOSX_DEPLOYMENT_TARGET = 15.5;
				MARKETING_VERSION = 1.0;
				PRODUCT_BUNDLE_IDENTIFIER = "ai.mookti.Mookti-MVPUITests";
				PRODUCT_NAME = "$(TARGET_NAME)";
				SDKROOT = auto;
				SUPPORTED_PLATFORMS = "iphoneos iphonesimulator macosx xros xrsimulator";
				SWIFT_EMIT_LOC_STRINGS = NO;
				SWIFT_VERSION = 5.0;
				TARGETED_DEVICE_FAMILY = "1,2,7";
				TEST_TARGET_NAME = "Mookti MVP";
				XROS_DEPLOYMENT_TARGET = 2.5;
			};
			name = Debug;
		};
		192355CF2E3B860A003E9995 /* Release */ = {
			isa = XCBuildConfiguration;
			buildSettings = {
				CODE_SIGN_STYLE = Automatic;
				CURRENT_PROJECT_VERSION = 1;
				DEVELOPMENT_TEAM = KJMHN278CN;
				GENERATE_INFOPLIST_FILE = YES;
				IPHONEOS_DEPLOYMENT_TARGET = 18.5;
				MACOSX_DEPLOYMENT_TARGET = 15.5;
				MARKETING_VERSION = 1.0;
				PRODUCT_BUNDLE_IDENTIFIER = "ai.mookti.Mookti-MVPUITests";
				PRODUCT_NAME = "$(TARGET_NAME)";
				SDKROOT = auto;
				SUPPORTED_PLATFORMS = "iphoneos iphonesimulator macosx xros xrsimulator";
				SWIFT_EMIT_LOC_STRINGS = NO;
				SWIFT_VERSION = 5.0;
				TARGETED_DEVICE_FAMILY = "1,2,7";
				TEST_TARGET_NAME = "Mookti MVP";
				XROS_DEPLOYMENT_TARGET = 2.5;
			};
			name = Release;
		};
/* End XCBuildConfiguration section */

/* Begin XCConfigurationList section */
		192355A02E3B8609003E9995 /* Build configuration list for PBXProject "Mookti MVP" */ = {
			isa = XCConfigurationList;
			buildConfigurations = (
				192355C52E3B860A003E9995 /* Debug */,
				192355C62E3B860A003E9995 /* Release */,
			);
			defaultConfigurationIsVisible = 0;
			defaultConfigurationName = Release;
		};
		192355C72E3B860A003E9995 /* Build configuration list for PBXNativeTarget "Mookti MVP" */ = {
			isa = XCConfigurationList;
			buildConfigurations = (
				192355C82E3B860A003E9995 /* Debug */,
				192355C92E3B860A003E9995 /* Release */,
			);
			defaultConfigurationIsVisible = 0;
			defaultConfigurationName = Release;
		};
		192355CA2E3B860A003E9995 /* Build configuration list for PBXNativeTarget "Mookti MVPTests" */ = {
			isa = XCConfigurationList;
			buildConfigurations = (
				192355CB2E3B860A003E9995 /* Debug */,
				192355CC2E3B860A003E9995 /* Release */,
			);
			defaultConfigurationIsVisible = 0;
			defaultConfigurationName = Release;
		};
		192355CD2E3B860A003E9995 /* Build configuration list for PBXNativeTarget "Mookti MVPUITests" */ = {
			isa = XCConfigurationList;
			buildConfigurations = (
				192355CE2E3B860A003E9995 /* Debug */,
				192355CF2E3B860A003E9995 /* Release */,
			);
			defaultConfigurationIsVisible = 0;
			defaultConfigurationName = Release;
		};
/* End XCConfigurationList section */

/* Begin XCRemoteSwiftPackageReference section */
		192355D22E3BE5C0003E9995 /* XCRemoteSwiftPackageReference "firebase-ios-sdk" */ = {
			isa = XCRemoteSwiftPackageReference;
			repositoryURL = "https://github.com/firebase/firebase-ios-sdk";
			requirement = {
				kind = upToNextMajorVersion;
				minimumVersion = 12.0.0;
			};
		};
/* End XCRemoteSwiftPackageReference section */

/* Begin XCSwiftPackageProductDependency section */
		192355D32E3BE5C0003E9995 /* FirebaseAI */ = {
			isa = XCSwiftPackageProductDependency;
			package = 192355D22E3BE5C0003E9995 /* XCRemoteSwiftPackageReference "firebase-ios-sdk" */;
			productName = FirebaseAI;
		};
		192355D52E3BE5C0003E9995 /* FirebaseAnalytics */ = {
			isa = XCSwiftPackageProductDependency;
			package = 192355D22E3BE5C0003E9995 /* XCRemoteSwiftPackageReference "firebase-ios-sdk" */;
			productName = FirebaseAnalytics;
		};
		192355D72E3BE5C0003E9995 /* FirebaseAnalyticsCore */ = {
			isa = XCSwiftPackageProductDependency;
			package = 192355D22E3BE5C0003E9995 /* XCRemoteSwiftPackageReference "firebase-ios-sdk" */;
			productName = FirebaseAnalyticsCore;
		};
		192355D92E3BE5C0003E9995 /* FirebaseAnalyticsIdentitySupport */ = {
			isa = XCSwiftPackageProductDependency;
			package = 192355D22E3BE5C0003E9995 /* XCRemoteSwiftPackageReference "firebase-ios-sdk" */;
			productName = FirebaseAnalyticsIdentitySupport;
		};
		192355DB2E3BE5C0003E9995 /* FirebaseAppCheck */ = {
			isa = XCSwiftPackageProductDependency;
			package = 192355D22E3BE5C0003E9995 /* XCRemoteSwiftPackageReference "firebase-ios-sdk" */;
			productName = FirebaseAppCheck;
		};
		192F01672E3BEE5E000AAD23 /* FirebaseAppDistribution-Beta */ = {
			isa = XCSwiftPackageProductDependency;
			package = 192355D22E3BE5C0003E9995 /* XCRemoteSwiftPackageReference "firebase-ios-sdk" */;
			productName = "FirebaseAppDistribution-Beta";
		};
		192F01692E3BEE5E000AAD23 /* FirebaseAuth */ = {
			isa = XCSwiftPackageProductDependency;
			package = 192355D22E3BE5C0003E9995 /* XCRemoteSwiftPackageReference "firebase-ios-sdk" */;
			productName = FirebaseAuth;
		};
		192F016B2E3BEE5E000AAD23 /* FirebaseAuthCombine-Community */ = {
			isa = XCSwiftPackageProductDependency;
			package = 192355D22E3BE5C0003E9995 /* XCRemoteSwiftPackageReference "firebase-ios-sdk" */;
			productName = "FirebaseAuthCombine-Community";
		};
		192F016D2E3BEE5E000AAD23 /* FirebaseCore */ = {
			isa = XCSwiftPackageProductDependency;
			package = 192355D22E3BE5C0003E9995 /* XCRemoteSwiftPackageReference "firebase-ios-sdk" */;
			productName = FirebaseCore;
		};
		192F016F2E3BEE5E000AAD23 /* FirebaseCrashlytics */ = {
			isa = XCSwiftPackageProductDependency;
			package = 192355D22E3BE5C0003E9995 /* XCRemoteSwiftPackageReference "firebase-ios-sdk" */;
			productName = FirebaseCrashlytics;
		};
		192F01712E3BEE5E000AAD23 /* FirebaseDatabase */ = {
			isa = XCSwiftPackageProductDependency;
			package = 192355D22E3BE5C0003E9995 /* XCRemoteSwiftPackageReference "firebase-ios-sdk" */;
			productName = FirebaseDatabase;
		};
		192F01732E3BEE5E000AAD23 /* FirebaseFirestore */ = {
			isa = XCSwiftPackageProductDependency;
			package = 192355D22E3BE5C0003E9995 /* XCRemoteSwiftPackageReference "firebase-ios-sdk" */;
			productName = FirebaseFirestore;
		};
		192F01752E3BEE5E000AAD23 /* FirebaseFirestoreCombine-Community */ = {
			isa = XCSwiftPackageProductDependency;
			package = 192355D22E3BE5C0003E9995 /* XCRemoteSwiftPackageReference "firebase-ios-sdk" */;
			productName = "FirebaseFirestoreCombine-Community";
		};
		192F01772E3BEE5E000AAD23 /* FirebaseFunctions */ = {
			isa = XCSwiftPackageProductDependency;
			package = 192355D22E3BE5C0003E9995 /* XCRemoteSwiftPackageReference "firebase-ios-sdk" */;
			productName = FirebaseFunctions;
		};
		192F01792E3BEE5E000AAD23 /* FirebaseFunctionsCombine-Community */ = {
			isa = XCSwiftPackageProductDependency;
			package = 192355D22E3BE5C0003E9995 /* XCRemoteSwiftPackageReference "firebase-ios-sdk" */;
			productName = "FirebaseFunctionsCombine-Community";
		};
		192F017B2E3BEE5E000AAD23 /* FirebaseInAppMessaging-Beta */ = {
			isa = XCSwiftPackageProductDependency;
			package = 192355D22E3BE5C0003E9995 /* XCRemoteSwiftPackageReference "firebase-ios-sdk" */;
			productName = "FirebaseInAppMessaging-Beta";
		};
		192F017D2E3BEE5E000AAD23 /* FirebaseInstallations */ = {
			isa = XCSwiftPackageProductDependency;
			package = 192355D22E3BE5C0003E9995 /* XCRemoteSwiftPackageReference "firebase-ios-sdk" */;
			productName = FirebaseInstallations;
		};
		192F017F2E3BEE5E000AAD23 /* FirebaseMLModelDownloader */ = {
			isa = XCSwiftPackageProductDependency;
			package = 192355D22E3BE5C0003E9995 /* XCRemoteSwiftPackageReference "firebase-ios-sdk" */;
			productName = FirebaseMLModelDownloader;
		};
		192F01812E3BEE5E000AAD23 /* FirebaseMessaging */ = {
			isa = XCSwiftPackageProductDependency;
			package = 192355D22E3BE5C0003E9995 /* XCRemoteSwiftPackageReference "firebase-ios-sdk" */;
			productName = FirebaseMessaging;
		};
		192F01832E3BEE5E000AAD23 /* FirebasePerformance */ = {
			isa = XCSwiftPackageProductDependency;
			package = 192355D22E3BE5C0003E9995 /* XCRemoteSwiftPackageReference "firebase-ios-sdk" */;
			productName = FirebasePerformance;
		};
		192F01852E3BEE5E000AAD23 /* FirebaseRemoteConfig */ = {
			isa = XCSwiftPackageProductDependency;
			package = 192355D22E3BE5C0003E9995 /* XCRemoteSwiftPackageReference "firebase-ios-sdk" */;
			productName = FirebaseRemoteConfig;
		};
		192F01872E3BEE5E000AAD23 /* FirebaseStorage */ = {
			isa = XCSwiftPackageProductDependency;
			package = 192355D22E3BE5C0003E9995 /* XCRemoteSwiftPackageReference "firebase-ios-sdk" */;
			productName = FirebaseStorage;
		};
		192F01892E3BEE5E000AAD23 /* FirebaseStorageCombine-Community */ = {
			isa = XCSwiftPackageProductDependency;
			package = 192355D22E3BE5C0003E9995 /* XCRemoteSwiftPackageReference "firebase-ios-sdk" */;
			productName = "FirebaseStorageCombine-Community";
		};
/* End XCSwiftPackageProductDependency section */
	};
	rootObject = 1923559D2E3B8609003E9995 /* Project object */;
}
